
Microsoft Visual Studio Solution File, Format Version 12.00
# Visual Studio Version 17
VisualStudioVersion = 17.2.32519.379
MinimumVisualStudioVersion = 10.0.40219.1
Project("{888888A0-9F3D-457C-B088-3A5042F75D52}") = "BasicProject", "BasicProject\BasicProject.pyproj", "{A809B6E7-BAC7-4435-AA2C-97E1E8A68684}"
EndProject
Global
	GlobalSection(SolutionConfigurationPlatforms) = preSolution
		Debug|Any CPU = Debug|Any CPU
		Release|Any CPU = Release|Any CPU
	EndGlobalSection
	GlobalSection(ProjectConfigurationPlatforms) = postSolution
		{A809B6E7-BAC7-4435-AA2C-97E1E8A68684}.Debug|Any CPU.ActiveCfg = Debug|Any CPU
		{A809B6E7-BAC7-4435-AA2C-97E1E8A68684}.Debug|Any CPU.Build.0 = Debug|Any CPU
		{A809B6E7-BAC7-4435-AA2C-97E1E8A68684}.Release|Any CPU.ActiveCfg = Release|Any CPU
		{A809B6E7-BAC7-4435-AA2C-97E1E8A68684}.Release|Any CPU.Build.0 = Release|Any CPU
	EndGlobalSection
	GlobalSection(SolutionProperties) = preSolution
		HideSolutionNode = FALSE
	EndGlobalSection
	GlobalSection(ExtensibilityGlobals) = postSolution
		SolutionGuid = {C9254214-973A-48D6-B7C8-CF629391DB77}
	EndGlobalSection
EndGlobal
